PODS:
  - AgoraInfra_iOS (1.2.13.1)
  - AgoraRtcEngine_iOS (4.5.2):
    - AgoraRtcEngine_iOS/AIAEC (= 4.5.2)
    - AgoraRtcEngine_iOS/AIAECLL (= 4.5.2)
    - AgoraRtcEngine_iOS/AINS (= 4.5.2)
    - AgoraRtcEngine_iOS/AINSLL (= 4.5.2)
    - AgoraRtcEngine_iOS/AudioBeauty (= 4.5.2)
    - AgoraRtcEngine_iOS/ClearVision (= 4.5.2)
    - AgoraRtcEngine_iOS/ContentInspect (= 4.5.2)
    - AgoraRtcEngine_iOS/FaceCapture (= 4.5.2)
    - AgoraRtcEngine_iOS/FaceDetection (= 4.5.2)
    - AgoraRtcEngine_iOS/LipSync (= 4.5.2)
    - AgoraRtcEngine_iOS/ReplayKit (= 4.5.2)
    - AgoraRtcEngine_iOS/RtcBasic (= 4.5.2)
    - AgoraRtcEngine_iOS/SpatialAudio (= 4.5.2)
    - AgoraRtcEngine_iOS/VideoAv1CodecDec (= 4.5.2)
    - AgoraRtcEngine_iOS/VideoAv1CodecEnc (= 4.5.2)
    - AgoraRtcEngine_iOS/VideoCodecDec (= 4.5.2)
    - AgoraRtcEngine_iOS/VideoCodecEnc (= 4.5.2)
    - AgoraRtcEngine_iOS/VirtualBackground (= 4.5.2)
    - AgoraRtcEngine_iOS/VQA (= 4.5.2)
  - AgoraRtcEngine_iOS/AIAEC (4.5.2)
  - AgoraRtcEngine_iOS/AIAECLL (4.5.2)
  - AgoraRtcEngine_iOS/AINS (4.5.2)
  - AgoraRtcEngine_iOS/AINSLL (4.5.2)
  - AgoraRtcEngine_iOS/AudioBeauty (4.5.2)
  - AgoraRtcEngine_iOS/ClearVision (4.5.2)
  - AgoraRtcEngine_iOS/ContentInspect (4.5.2)
  - AgoraRtcEngine_iOS/FaceCapture (4.5.2)
  - AgoraRtcEngine_iOS/FaceDetection (4.5.2)
  - AgoraRtcEngine_iOS/LipSync (4.5.2)
  - AgoraRtcEngine_iOS/ReplayKit (4.5.2)
  - AgoraRtcEngine_iOS/RtcBasic (4.5.2):
    - AgoraInfra_iOS (= 1.2.13.1)
  - AgoraRtcEngine_iOS/SpatialAudio (4.5.2)
  - AgoraRtcEngine_iOS/VideoAv1CodecDec (4.5.2)
  - AgoraRtcEngine_iOS/VideoAv1CodecEnc (4.5.2)
  - AgoraRtcEngine_iOS/VideoCodecDec (4.5.2)
  - AgoraRtcEngine_iOS/VideoCodecEnc (4.5.2)
  - AgoraRtcEngine_iOS/VirtualBackground (4.5.2)
  - AgoraRtcEngine_iOS/VQA (4.5.2)
  - gl_call_pip (0.0.1):
    - AgoraRtcEngine_iOS (= 4.5.2)
    - Flutter
  - Flutter (1.0.0)
  - integration_test (0.0.1):
    - Flutter

DEPENDENCIES:
  - gl_call_pip (from `.symlinks/plugins/gl_call_pip/ios`)
  - Flutter (from `Flutter`)
  - integration_test (from `.symlinks/plugins/integration_test/ios`)

SPEC REPOS:
  trunk:
    - AgoraInfra_iOS
    - AgoraRtcEngine_iOS

EXTERNAL SOURCES:
  gl_call_pip:
    :path: ".symlinks/plugins/gl_call_pip/ios"
  Flutter:
    :path: Flutter
  integration_test:
    :path: ".symlinks/plugins/integration_test/ios"

SPEC CHECKSUMS:
  AgoraInfra_iOS: 3691b2b277a1712a35ae96de25af319de0d73d08
  AgoraRtcEngine_iOS: 97e2398a2addda9057815a2a583a658e36796ff6
  gl_call_pip: cb12a7d8f98da55be643caaaae4ec2c9b58c0e46
  Flutter: cabc95a1d2626b1b06e7179b784ebcf0c0cde467
  integration_test: 4a889634ef21a45d28d50d622cf412dc6d9f586e

PODFILE CHECKSUM: 3c63482e143d1b91d2d2560aee9fb04ecc74ac7e

COCOAPODS: 1.16.2
